// !$*UTF8*$!
{
	archiveVersion = 1;
	classes = {
	};
	objectVersion = 77;
	objects = {

/* Begin PBXBuildFile section */
		D62F85B92F322E4000186C77 /* ZIPFoundation in Frameworks */ = {isa = PBXBuildFile; productRef = D6EXPORT022F000002000F3043 /* ZIPFoundation */; };
		D6AAAA0C2F400C0C00000001 /* TabyWidget.appex in Embed Foundation Extensions */ = {isa = PBXBuildFile; fileRef = D6AAAA012F40000100000001 /* TabyWidget.appex */; settings = {ATTRIBUTES = (RemoveHeadersOnCopy, ); }; };
		D6C2B1552F2B909B000F3043 /* share.appex in Embed Foundation Extensions */ = {isa = PBXBuildFile; fileRef = D6C2B14B2F2B909B000F3043 /* share.appex */; settings = {ATTRIBUTES = (RemoveHeadersOnCopy, ); }; };
/* End PBXBuildFile section */

/* Begin PBXContainerItemProxy section */
		D63BFDF82F217BAD00B28B56 /* PBXContainerItemProxy */ = {
			isa = PBXContainerItemProxy;
			containerPortal = D63BFDE22F217BAC00B28B56 /* Project object */;
			proxyType = 1;
			remoteGlobalIDString = D63BFDE92F217BAC00B28B56;
			remoteInfo = tabsglass;
		};
		D63BFE022F217BAD00B28B56 /* PBXContainerItemProxy */ = {
			isa = PBXContainerItemProxy;
			containerPortal = D63BFDE22F217BAC00B28B56 /* Project object */;
			proxyType = 1;
			remoteGlobalIDString = D63BFDE92F217BAC00B28B56;
			remoteInfo = tabsglass;
		};
		D6AAAA0A2F400A0A00000001 /* PBXContainerItemProxy */ = {
			isa = PBXContainerItemProxy;
			containerPortal = D63BFDE22F217BAC00B28B56 /* Project object */;
			proxyType = 1;
			remoteGlobalIDString = D6AAAA062F40000600000001;
			remoteInfo = TabyWidget;
		};
		D6C2B1532F2B909B000F3043 /* PBXContainerItemProxy */ = {
			isa = PBXContainerItemProxy;
			containerPortal = D63BFDE22F217BAC00B28B56 /* Project object */;
			proxyType = 1;
			remoteGlobalIDString = D6C2B14A2F2B909B000F3043;
			remoteInfo = share;
		};
/* End PBXContainerItemProxy section */

/* Begin PBXCopyFilesBuildPhase section */
		D6C2B15A2F2B909B000F3043 /* Embed Foundation Extensions */ = {
			isa = PBXCopyFilesBuildPhase;
			buildActionMask = 2147483647;
			dstPath = "";
			dstSubfolderSpec = 13;
			files = (
				D6C2B1552F2B909B000F3043 /* share.appex in Embed Foundation Extensions */,
				D6AAAA0C2F400C0C00000001 /* TabyWidget.appex in Embed Foundation Extensions */,
			);
			name = "Embed Foundation Extensions";
			runOnlyForDeploymentPostprocessing = 0;
		};
/* End PBXCopyFilesBuildPhase section */

/* Begin PBXFileReference section */
		D63BFDEA2F217BAC00B28B56 /* Taby.app */ = {isa = PBXFileReference; explicitFileType = wrapper.application; includeInIndex = 0; path = Taby.app; sourceTree = BUILT_PRODUCTS_DIR; };
		D63BFDF72F217BAD00B28B56 /* tabsglassTests.xctest */ = {isa = PBXFileReference; explicitFileType = wrapper.cfbundle; includeInIndex = 0; name = tabsglassTests.xctest; path = Taby.xctest; sourceTree = BUILT_PRODUCTS_DIR; };
		D63BFE012F217BAD00B28B56 /* tabsglassUITests.xctest */ = {isa = PBXFileReference; explicitFileType = wrapper.cfbundle; includeInIndex = 0; name = tabsglassUITests.xctest; path = Taby.xctest; sourceTree = BUILT_PRODUCTS_DIR; };
		D6AAAA012F40000100000001 /* TabyWidget.appex */ = {isa = PBXFileReference; explicitFileType = "wrapper.app-extension"; includeInIndex = 0; path = TabyWidget.appex; sourceTree = BUILT_PRODUCTS_DIR; };
		D6C2B14B2F2B909B000F3043 /* share.appex */ = {isa = PBXFileReference; explicitFileType = "wrapper.app-extension"; includeInIndex = 0; path = share.appex; sourceTree = BUILT_PRODUCTS_DIR; };
/* End PBXFileReference section */

/* Begin PBXFileSystemSynchronizedBuildFileExceptionSet section */
		D6AAAA0D2F400D0D00000001 /* Exceptions for "tabsglass" folder in "TabyWidget" target */ = {
			isa = PBXFileSystemSynchronizedBuildFileExceptionSet;
			membershipExceptions = (
				Models/Message.swift,
				Models/Tab.swift,
				Shared/SharedConstants.swift,
				Shared/SharedModelContainer.swift,
			);
			target = D6AAAA062F40000600000001 /* TabyWidget */;
		};
		D6AAAA0E2F400E0E00000001 /* Exceptions for "TabyWidget" folder in "TabyWidget" target */ = {
			isa = PBXFileSystemSynchronizedBuildFileExceptionSet;
			membershipExceptions = (
				Info.plist,
			);
			target = D6AAAA062F40000600000001 /* TabyWidget */;
		};
		D6C2B1562F2B909B000F3043 /* Exceptions for "share" folder in "share" target */ = {
			isa = PBXFileSystemSynchronizedBuildFileExceptionSet;
			membershipExceptions = (
				Info.plist,
			);
			target = D6C2B14A2F2B909B000F3043 /* share */;
		};
		D6C2B15E2F2B91CB000F3043 /* Exceptions for "tabsglass" folder in "share" target */ = {
			isa = PBXFileSystemSynchronizedBuildFileExceptionSet;
			membershipExceptions = (
				"/Localized: Resources/Localizable.strings",
				Services/Localization.swift,
			);
			target = D6C2B14A2F2B909B000F3043 /* share */;
		};
		D6DEEP012F600D0100000001 /* Exceptions for "tabsglass" folder in "tabsglass" target */ = {
			isa = PBXFileSystemSynchronizedBuildFileExceptionSet;
			membershipExceptions = (
				Info.plist,
			);
			target = D63BFDE92F217BAC00B28B56 /* tabsglass */;
		};
/* End PBXFileSystemSynchronizedBuildFileExceptionSet section */

/* Begin PBXFileSystemSynchronizedRootGroup section */
		D63BFDEC2F217BAC00B28B56 /* tabsglass */ = {
			isa = PBXFileSystemSynchronizedRootGroup;
			exceptions = (
				D6DEEP012F600D0100000001 /* Exceptions for "tabsglass" folder in "tabsglass" target */,
				D6C2B15E2F2B91CB000F3043 /* Exceptions for "tabsglass" folder in "share" target */,
				D6AAAA0D2F400D0D00000001 /* Exceptions for "tabsglass" folder in "TabyWidget" target */,
			);
			path = tabsglass;
			sourceTree = "<group>";
		};
		D63BFDFA2F217BAD00B28B56 /* tabsglassTests */ = {
			isa = PBXFileSystemSynchronizedRootGroup;
			path = tabsglassTests;
			sourceTree = "<group>";
		};
		D63BFE042F217BAD00B28B56 /* tabsglassUITests */ = {
			isa = PBXFileSystemSynchronizedRootGroup;
			path = tabsglassUITests;
			sourceTree = "<group>";
		};
		D6AAAA022F40000200000001 /* TabyWidget */ = {
			isa = PBXFileSystemSynchronizedRootGroup;
			exceptions = (
				D6AAAA0E2F400E0E00000001 /* Exceptions for "TabyWidget" folder in "TabyWidget" target */,
			);
			path = TabyWidget;
			sourceTree = "<group>";
		};
		D6C2B14C2F2B909B000F3043 /* share */ = {
			isa = PBXFileSystemSynchronizedRootGroup;
			exceptions = (
				D6C2B1562F2B909B000F3043 /* Exceptions for "share" folder in "share" target */,
			);
			path = share;
			sourceTree = "<group>";
		};
/* End PBXFileSystemSynchronizedRootGroup section */

/* Begin PBXFrameworksBuildPhase section */
		D63BFDE72F217BAC00B28B56 /* Frameworks */ = {
			isa = PBXFrameworksBuildPhase;
			buildActionMask = 2147483647;
			files = (
				D62F85B92F322E4000186C77 /* ZIPFoundation in Frameworks */,
			);
			runOnlyForDeploymentPostprocessing = 0;
		};
		D63BFDF42F217BAD00B28B56 /* Frameworks */ = {
			isa = PBXFrameworksBuildPhase;
			buildActionMask = 2147483647;
			files = (
			);
			runOnlyForDeploymentPostprocessing = 0;
		};
		D63BFDFE2F217BAD00B28B56 /* Frameworks */ = {
			isa = PBXFrameworksBuildPhase;
			buildActionMask = 2147483647;
			files = (
			);
			runOnlyForDeploymentPostprocessing = 0;
		};
		D6AAAA042F40000400000001 /* Frameworks */ = {
			isa = PBXFrameworksBuildPhase;
			buildActionMask = 2147483647;
			files = (
			);
			runOnlyForDeploymentPostprocessing = 0;
		};
		D6C2B1482F2B909B000F3043 /* Frameworks */ = {
			isa = PBXFrameworksBuildPhase;
			buildActionMask = 2147483647;
			files = (
			);
			runOnlyForDeploymentPostprocessing = 0;
		};
/* End PBXFrameworksBuildPhase section */

/* Begin PBXGroup section */
		D63BFDE12F217BAC00B28B56 = {
			isa = PBXGroup;
			children = (
				D63BFDEC2F217BAC00B28B56 /* tabsglass */,
				D63BFDFA2F217BAD00B28B56 /* tabsglassTests */,
				D63BFE042F217BAD00B28B56 /* tabsglassUITests */,
				D6C2B14C2F2B909B000F3043 /* share */,
				D6AAAA022F40000200000001 /* TabyWidget */,
				D63BFDEB2F217BAC00B28B56 /* Products */,
			);
			sourceTree = "<group>";
		};
		D63BFDEB2F217BAC00B28B56 /* Products */ = {
			isa = PBXGroup;
			children = (
				D63BFDEA2F217BAC00B28B56 /* Taby.app */,
				D63BFDF72F217BAD00B28B56 /* tabsglassTests.xctest */,
				D63BFE012F217BAD00B28B56 /* tabsglassUITests.xctest */,
				D6C2B14B2F2B909B000F3043 /* share.appex */,
				D6AAAA012F40000100000001 /* TabyWidget.appex */,
			);
			name = Products;
			sourceTree = "<group>";
		};
/* End PBXGroup section */

/* Begin PBXNativeTarget section */
		D63BFDE92F217BAC00B28B56 /* tabsglass */ = {
			isa = PBXNativeTarget;
			buildConfigurationList = D63BFE0B2F217BAD00B28B56 /* Build configuration list for PBXNativeTarget "tabsglass" */;
			buildPhases = (
				D63BFDE62F217BAC00B28B56 /* Sources */,
				D63BFDE72F217BAC00B28B56 /* Frameworks */,
				D63BFDE82F217BAC00B28B56 /* Resources */,
				D6C2B15A2F2B909B000F3043 /* Embed Foundation Extensions */,
			);
			buildRules = (
			);
			dependencies = (
				D6C2B1542F2B909B000F3043 /* PBXTargetDependency */,
				D6AAAA0B2F400B0B00000001 /* PBXTargetDependency */,
			);
			fileSystemSynchronizedGroups = (
				D63BFDEC2F217BAC00B28B56 /* tabsglass */,
			);
			name = tabsglass;
			packageProductDependencies = (
				D6EXPORT022F000002000F3043 /* ZIPFoundation */,
			);
			productName = tabsglass;
			productReference = D63BFDEA2F217BAC00B28B56 /* Taby.app */;
			productType = "com.apple.product-type.application";
		};
		D63BFDF62F217BAD00B28B56 /* tabsglassTests */ = {
			isa = PBXNativeTarget;
			buildConfigurationList = D63BFE0E2F217BAD00B28B56 /* Build configuration list for PBXNativeTarget "tabsglassTests" */;
			buildPhases = (
				D63BFDF32F217BAD00B28B56 /* Sources */,
				D63BFDF42F217BAD00B28B56 /* Frameworks */,
				D63BFDF52F217BAD00B28B56 /* Resources */,
			);
			buildRules = (
			);
			dependencies = (
				D63BFDF92F217BAD00B28B56 /* PBXTargetDependency */,
			);
			fileSystemSynchronizedGroups = (
				D63BFDFA2F217BAD00B28B56 /* tabsglassTests */,
			);
			name = tabsglassTests;
			packageProductDependencies = (
			);
			productName = tabsglassTests;
			productReference = D63BFDF72F217BAD00B28B56 /* tabsglassTests.xctest */;
			productType = "com.apple.product-type.bundle.unit-test";
		};
		D63BFE002F217BAD00B28B56 /* tabsglassUITests */ = {
			isa = PBXNativeTarget;
			buildConfigurationList = D63BFE112F217BAD00B28B56 /* Build configuration list for PBXNativeTarget "tabsglassUITests" */;
			buildPhases = (
				D63BFDFD2F217BAD00B28B56 /* Sources */,
				D63BFDFE2F217BAD00B28B56 /* Frameworks */,
				D63BFDFF2F217BAD00B28B56 /* Resources */,
			);
			buildRules = (
			);
			dependencies = (
				D63BFE032F217BAD00B28B56 /* PBXTargetDependency */,
			);
			fileSystemSynchronizedGroups = (
				D63BFE042F217BAD00B28B56 /* tabsglassUITests */,
			);
			name = tabsglassUITests;
			packageProductDependencies = (
			);
			productName = tabsglassUITests;
			productReference = D63BFE012F217BAD00B28B56 /* tabsglassUITests.xctest */;
			productType = "com.apple.product-type.bundle.ui-testing";
		};
		D6AAAA062F40000600000001 /* TabyWidget */ = {
			isa = PBXNativeTarget;
			buildConfigurationList = D6AAAA092F40000900000001 /* Build configuration list for PBXNativeTarget "TabyWidget" */;
			buildPhases = (
				D6AAAA032F40000300000001 /* Sources */,
				D6AAAA042F40000400000001 /* Frameworks */,
				D6AAAA052F40000500000001 /* Resources */,
			);
			buildRules = (
			);
			dependencies = (
			);
			fileSystemSynchronizedGroups = (
				D6AAAA022F40000200000001 /* TabyWidget */,
			);
			name = TabyWidget;
			packageProductDependencies = (
			);
			productName = TabyWidget;
			productReference = D6AAAA012F40000100000001 /* TabyWidget.appex */;
			productType = "com.apple.product-type.app-extension";
		};
		D6C2B14A2F2B909B000F3043 /* share */ = {
			isa = PBXNativeTarget;
			buildConfigurationList = D6C2B1572F2B909B000F3043 /* Build configuration list for PBXNativeTarget "share" */;
			buildPhases = (
				D6C2B1472F2B909B000F3043 /* Sources */,
				D6C2B1482F2B909B000F3043 /* Frameworks */,
				D6C2B1492F2B909B000F3043 /* Resources */,
			);
			buildRules = (
			);
			dependencies = (
			);
			fileSystemSynchronizedGroups = (
				D6C2B14C2F2B909B000F3043 /* share */,
			);
			name = share;
			packageProductDependencies = (
			);
			productName = share;
			productReference = D6C2B14B2F2B909B000F3043 /* share.appex */;
			productType = "com.apple.product-type.app-extension";
		};
/* End PBXNativeTarget section */

/* Begin PBXProject section */
		D63BFDE22F217BAC00B28B56 /* Project object */ = {
			isa = PBXProject;
			attributes = {
				BuildIndependentTargetsInParallel = 1;
				LastSwiftUpdateCheck = 2620;
				LastUpgradeCheck = 2620;
				TargetAttributes = {
					D63BFDE92F217BAC00B28B56 = {
						CreatedOnToolsVersion = 26.2;
					};
					D63BFDF62F217BAD00B28B56 = {
						CreatedOnToolsVersion = 26.2;
						TestTargetID = D63BFDE92F217BAC00B28B56;
					};
					D63BFE002F217BAD00B28B56 = {
						CreatedOnToolsVersion = 26.2;
						TestTargetID = D63BFDE92F217BAC00B28B56;
					};
					D6AAAA062F40000600000001 = {
						CreatedOnToolsVersion = 26.2;
					};
					D6C2B14A2F2B909B000F3043 = {
						CreatedOnToolsVersion = 26.2;
					};
				};
			};
			buildConfigurationList = D63BFDE52F217BAC00B28B56 /* Build configuration list for PBXProject "tabsglass" */;
			developmentRegion = en;
			hasScannedForEncodings = 0;
			knownRegions = (
				en,
				ru,
				es,
				fr,
				de,
				Base,
			);
			mainGroup = D63BFDE12F217BAC00B28B56;
			minimizedProjectReferenceProxies = 1;
			packageReferences = (
				D6EXPORT012F000001000F3043 /* XCRemoteSwiftPackageReference "ZIPFoundation" */,
			);
			preferredProjectObjectVersion = 77;
			productRefGroup = D63BFDEB2F217BAC00B28B56 /* Products */;
			projectDirPath = "";
			projectRoot = "";
			targets = (
				D63BFDE92F217BAC00B28B56 /* tabsglass */,
				D63BFDF62F217BAD00B28B56 /* tabsglassTests */,
				D63BFE002F217BAD00B28B56 /* tabsglassUITests */,
				D6C2B14A2F2B909B000F3043 /* share */,
				D6AAAA062F40000600000001 /* TabyWidget */,
			);
		};
/* End PBXProject section */

/* Begin PBXResourcesBuildPhase section */
		D63BFDE82F217BAC00B28B56 /* Resources */ = {
			isa = PBXResourcesBuildPhase;
			buildActionMask = 2147483647;
			files = (
			);
			runOnlyForDeploymentPostprocessing = 0;
		};
		D63BFDF52F217BAD00B28B56 /* Resources */ = {
			isa = PBXResourcesBuildPhase;
			buildActionMask = 2147483647;
			files = (
			);
			runOnlyForDeploymentPostprocessing = 0;
		};
		D63BFDFF2F217BAD00B28B56 /* Resources */ = {
			isa = PBXResourcesBuildPhase;
			buildActionMask = 2147483647;
			files = (
			);
			runOnlyForDeploymentPostprocessing = 0;
		};
		D6AAAA052F40000500000001 /* Resources */ = {
			isa = PBXResourcesBuildPhase;
			buildActionMask = 2147483647;
			files = (
			);
			runOnlyForDeploymentPostprocessing = 0;
		};
		D6C2B1492F2B909B000F3043 /* Resources */ = {
			isa = PBXResourcesBuildPhase;
			buildActionMask = 2147483647;
			files = (
			);
			runOnlyForDeploymentPostprocessing = 0;
		};
/* End PBXResourcesBuildPhase section */

/* Begin PBXSourcesBuildPhase section */
		D63BFDE62F217BAC00B28B56 /* Sources */ = {
			isa = PBXSourcesBuildPhase;
			buildActionMask = 2147483647;
			files = (
			);
			runOnlyForDeploymentPostprocessing = 0;
		};
		D63BFDF32F217BAD00B28B56 /* Sources */ = {
			isa = PBXSourcesBuildPhase;
			buildActionMask = 2147483647;
			files = (
			);
			runOnlyForDeploymentPostprocessing = 0;
		};
		D63BFDFD2F217BAD00B28B56 /* Sources */ = {
			isa = PBXSourcesBuildPhase;
			buildActionMask = 2147483647;
			files = (
			);
			runOnlyForDeploymentPostprocessing = 0;
		};
		D6AAAA032F40000300000001 /* Sources */ = {
			isa = PBXSourcesBuildPhase;
			buildActionMask = 2147483647;
			files = (
			);
			runOnlyForDeploymentPostprocessing = 0;
		};
		D6C2B1472F2B909B000F3043 /* Sources */ = {
			isa = PBXSourcesBuildPhase;
			buildActionMask = 2147483647;
			files = (
			);
			runOnlyForDeploymentPostprocessing = 0;
		};
/* End PBXSourcesBuildPhase section */

/* Begin PBXTargetDependency section */
		D63BFDF92F217BAD00B28B56 /* PBXTargetDependency */ = {
			isa = PBXTargetDependency;
			target = D63BFDE92F217BAC00B28B56 /* tabsglass */;
			targetProxy = D63BFDF82F217BAD00B28B56 /* PBXContainerItemProxy */;
		};
		D63BFE032F217BAD00B28B56 /* PBXTargetDependency */ = {
			isa = PBXTargetDependency;
			target = D63BFDE92F217BAC00B28B56 /* tabsglass */;
			targetProxy = D63BFE022F217BAD00B28B56 /* PBXContainerItemProxy */;
		};
		D6AAAA0B2F400B0B00000001 /* PBXTargetDependency */ = {
			isa = PBXTargetDependency;
			target = D6AAAA062F40000600000001 /* TabyWidget */;
			targetProxy = D6AAAA0A2F400A0A00000001 /* PBXContainerItemProxy */;
		};
		D6C2B1542F2B909B000F3043 /* PBXTargetDependency */ = {
			isa = PBXTargetDependency;
			target = D6C2B14A2F2B909B000F3043 /* share */;
			targetProxy = D6C2B1532F2B909B000F3043 /* PBXContainerItemProxy */;
		};
/* End PBXTargetDependency section */

/* Begin XCBuildConfiguration section */
		D63BFE092F217BAD00B28B56 /* Debug */ = {
			isa = XCBuildConfiguration;
			buildSettings = {
				ALWAYS_SEARCH_USER_PATHS = NO;
				ASSETCATALOG_COMPILER_GENERATE_SWIFT_ASSET_SYMBOL_EXTENSIONS = YES;
				CLANG_ANALYZER_NONNULL = YES;
				CLANG_ANALYZER_NUMBER_OBJECT_CONVERSION = YES_AGGRESSIVE;
				CLANG_CXX_LANGUAGE_STANDARD = "gnu++20";
				CLANG_ENABLE_MODULES = YES;
				CLANG_ENABLE_OBJC_ARC = YES;
				CLANG_ENABLE_OBJC_WEAK = YES;
				CLANG_WARN_BLOCK_CAPTURE_AUTORELEASING = YES;
				CLANG_WARN_BOOL_CONVERSION = YES;
				CLANG_WARN_COMMA = YES;
				CLANG_WARN_CONSTANT_CONVERSION = YES;
				CLANG_WARN_DEPRECATED_OBJC_IMPLEMENTATIONS = YES;
				CLANG_WARN_DIRECT_OBJC_ISA_USAGE = YES_ERROR;
				CLANG_WARN_DOCUMENTATION_COMMENTS = YES;
				CLANG_WARN_EMPTY_BODY = YES;
				CLANG_WARN_ENUM_CONVERSION = YES;
				CLANG_WARN_INFINITE_RECURSION = YES;
				CLANG_WARN_INT_CONVERSION = YES;
				CLANG_WARN_NON_LITERAL_NULL_CONVERSION = YES;
				CLANG_WARN_OBJC_IMPLICIT_RETAIN_SELF = YES;
				CLANG_WARN_OBJC_LITERAL_CONVERSION = YES;
				CLANG_WARN_OBJC_ROOT_CLASS = YES_ERROR;
				CLANG_WARN_QUOTED_INCLUDE_IN_FRAMEWORK_HEADER = YES;
				CLANG_WARN_RANGE_LOOP_ANALYSIS = YES;
				CLANG_WARN_STRICT_PROTOTYPES = YES;
				CLANG_WARN_SUSPICIOUS_MOVE = YES;
				CLANG_WARN_UNGUARDED_AVAILABILITY = YES_AGGRESSIVE;
				CLANG_WARN_UNREACHABLE_CODE = YES;
				CLANG_WARN__DUPLICATE_METHOD_MATCH = YES;
				COPY_PHASE_STRIP = NO;
				DEBUG_INFORMATION_FORMAT = dwarf;
				DEVELOPMENT_TEAM = Y33Y2LGZBR;
				ENABLE_STRICT_OBJC_MSGSEND = YES;
				ENABLE_TESTABILITY = YES;
				ENABLE_USER_SCRIPT_SANDBOXING = YES;
				GCC_C_LANGUAGE_STANDARD = gnu17;
				GCC_DYNAMIC_NO_PIC = NO;
				GCC_NO_COMMON_BLOCKS = YES;
				GCC_OPTIMIZATION_LEVEL = 0;
				GCC_PREPROCESSOR_DEFINITIONS = (
					"DEBUG=1",
					"$(inherited)",
				);
				GCC_WARN_64_TO_32_BIT_CONVERSION = YES;
				GCC_WARN_ABOUT_RETURN_TYPE = YES_ERROR;
				GCC_WARN_UNDECLARED_SELECTOR = YES;
				GCC_WARN_UNINITIALIZED_AUTOS = YES_AGGRESSIVE;
				GCC_WARN_UNUSED_FUNCTION = YES;
				GCC_WARN_UNUSED_VARIABLE = YES;
				IPHONEOS_DEPLOYMENT_TARGET = 26.0;
				LOCALIZATION_PREFERS_STRING_CATALOGS = YES;
				MTL_ENABLE_DEBUG_INFO = INCLUDE_SOURCE;
				MTL_FAST_MATH = YES;
				ONLY_ACTIVE_ARCH = YES;
				SDKROOT = iphoneos;
				SWIFT_ACTIVE_COMPILATION_CONDITIONS = "DEBUG $(inherited)";
				SWIFT_OPTIMIZATION_LEVEL = "-Onone";
			};
			name = Debug;
		};
		D63BFE0A2F217BAD00B28B56 /* Release */ = {
			isa = XCBuildConfiguration;
			buildSettings = {
				ALWAYS_SEARCH_USER_PATHS = NO;
				ASSETCATALOG_COMPILER_GENERATE_SWIFT_ASSET_SYMBOL_EXTENSIONS = YES;
				CLANG_ANALYZER_NONNULL = YES;
				CLANG_ANALYZER_NUMBER_OBJECT_CONVERSION = YES_AGGRESSIVE;
				CLANG_CXX_LANGUAGE_STANDARD = "gnu++20";
				CLANG_ENABLE_MODULES = YES;
				CLANG_ENABLE_OBJC_ARC = YES;
				CLANG_ENABLE_OBJC_WEAK = YES;
				CLANG_WARN_BLOCK_CAPTURE_AUTORELEASING = YES;
				CLANG_WARN_BOOL_CONVERSION = YES;
				CLANG_WARN_COMMA = YES;
				CLANG_WARN_CONSTANT_CONVERSION = YES;
				CLANG_WARN_DEPRECATED_OBJC_IMPLEMENTATIONS = YES;
				CLANG_WARN_DIRECT_OBJC_ISA_USAGE = YES_ERROR;
				CLANG_WARN_DOCUMENTATION_COMMENTS = YES;
				CLANG_WARN_EMPTY_BODY = YES;
				CLANG_WARN_ENUM_CONVERSION = YES;
				CLANG_WARN_INFINITE_RECURSION = YES;
				CLANG_WARN_INT_CONVERSION = YES;
				CLANG_WARN_NON_LITERAL_NULL_CONVERSION = YES;
				CLANG_WARN_OBJC_IMPLICIT_RETAIN_SELF = YES;
				CLANG_WARN_OBJC_LITERAL_CONVERSION = YES;
				CLANG_WARN_OBJC_ROOT_CLASS = YES_ERROR;
				CLANG_WARN_QUOTED_INCLUDE_IN_FRAMEWORK_HEADER = YES;
				CLANG_WARN_RANGE_LOOP_ANALYSIS = YES;
				CLANG_WARN_STRICT_PROTOTYPES = YES;
				CLANG_WARN_SUSPICIOUS_MOVE = YES;
				CLANG_WARN_UNGUARDED_AVAILABILITY = YES_AGGRESSIVE;
				CLANG_WARN_UNREACHABLE_CODE = YES;
				CLANG_WARN__DUPLICATE_METHOD_MATCH = YES;
				COPY_PHASE_STRIP = NO;
				DEBUG_INFORMATION_FORMAT = "dwarf-with-dsym";
				DEVELOPMENT_TEAM = Y33Y2LGZBR;
				ENABLE_NS_ASSERTIONS = NO;
				ENABLE_STRICT_OBJC_MSGSEND = YES;
				ENABLE_USER_SCRIPT_SANDBOXING = YES;
				GCC_C_LANGUAGE_STANDARD = gnu17;
				GCC_NO_COMMON_BLOCKS = YES;
				GCC_WARN_64_TO_32_BIT_CONVERSION = YES;
				GCC_WARN_ABOUT_RETURN_TYPE = YES_ERROR;
				GCC_WARN_UNDECLARED_SELECTOR = YES;
				GCC_WARN_UNINITIALIZED_AUTOS = YES_AGGRESSIVE;
				GCC_WARN_UNUSED_FUNCTION = YES;
				GCC_WARN_UNUSED_VARIABLE = YES;
				IPHONEOS_DEPLOYMENT_TARGET = 26.0;
				LOCALIZATION_PREFERS_STRING_CATALOGS = YES;
				MTL_ENABLE_DEBUG_INFO = NO;
				MTL_FAST_MATH = YES;
				SDKROOT = iphoneos;
				SWIFT_COMPILATION_MODE = wholemodule;
				VALIDATE_PRODUCT = YES;
			};
			name = Release;
		};
		D63BFE0C2F217BAD00B28B56 /* Debug */ = {
			isa = XCBuildConfiguration;
			buildSettings = {
				ASSETCATALOG_COMPILER_APPICON_NAME = AppIcon;
				ASSETCATALOG_COMPILER_GLOBAL_ACCENT_COLOR_NAME = AccentColor;
				CODE_SIGN_ENTITLEMENTS = tabsglass/tabsglass.entitlements;
				CODE_SIGN_STYLE = Automatic;
				CURRENT_PROJECT_VERSION = 1;
				DEVELOPMENT_TEAM = Y33Y2LGZBR;
				ENABLE_PREVIEWS = YES;
				GENERATE_INFOPLIST_FILE = YES;
				INFOPLIST_FILE = tabsglass/Info.plist;
				INFOPLIST_KEY_CFBundleDisplayName = Taby;
				INFOPLIST_KEY_ITSAppUsesNonExemptEncryption = NO;
				INFOPLIST_KEY_LSApplicationCategoryType = "public.app-category.productivity";
				INFOPLIST_KEY_NSCameraUsageDescription = "Taby uses the camera to take photos that you can attach to your notes. Photos are stored locally on your device.";
				INFOPLIST_KEY_NSPhotoLibraryUsageDescription = "Taby accesses your photo library to select photos that you can attach to your notes. Photos are stored locally on your device.";
				INFOPLIST_KEY_UIApplicationSceneManifest_Generation = YES;
				INFOPLIST_KEY_UIApplicationSupportsIndirectInputEvents = YES;
				INFOPLIST_KEY_UILaunchScreen_Generation = YES;
				INFOPLIST_KEY_UISupportedInterfaceOrientations_iPhone = UIInterfaceOrientationPortrait;
				LD_RUNPATH_SEARCH_PATHS = (
					"$(inherited)",
					"@executable_path/Frameworks",
				);
				MARKETING_VERSION = 1.2.2;
				PRODUCT_BUNDLE_IDENTIFIER = company.thecool.taby;
				PRODUCT_MODULE_NAME = tabsglass;
				PRODUCT_NAME = Taby;
				STRING_CATALOG_GENERATE_SYMBOLS = YES;
				SWIFT_APPROACHABLE_CONCURRENCY = YES;
				SWIFT_DEFAULT_ACTOR_ISOLATION = MainActor;
				SWIFT_EMIT_LOC_STRINGS = YES;
				SWIFT_UPCOMING_FEATURE_MEMBER_IMPORT_VISIBILITY = YES;
				SWIFT_VERSION = 5.0;
				TARGETED_DEVICE_FAMILY = 1;
			};
			name = Debug;
		};
		D63BFE0D2F217BAD00B28B56 /* Release */ = {
			isa = XCBuildConfiguration;
			buildSettings = {
				ASSETCATALOG_COMPILER_APPICON_NAME = AppIcon;
				ASSETCATALOG_COMPILER_GLOBAL_ACCENT_COLOR_NAME = AccentColor;
				CODE_SIGN_ENTITLEMENTS = tabsglass/tabsglass.entitlements;
				CODE_SIGN_STYLE = Automatic;
				CURRENT_PROJECT_VERSION = 1;
				DEVELOPMENT_TEAM = Y33Y2LGZBR;
				ENABLE_PREVIEWS = YES;
				GENERATE_INFOPLIST_FILE = YES;
				INFOPLIST_FILE = tabsglass/Info.plist;
				INFOPLIST_KEY_CFBundleDisplayName = Taby;
				INFOPLIST_KEY_ITSAppUsesNonExemptEncryption = NO;
				INFOPLIST_KEY_LSApplicationCategoryType = "public.app-category.productivity";
				INFOPLIST_KEY_NSCameraUsageDescription = "Taby uses the camera to take photos that you can attach to your notes. Photos are stored locally on your device.";
				INFOPLIST_KEY_NSPhotoLibraryUsageDescription = "Taby accesses your photo library to select photos that you can attach to your notes. Photos are stored locally on your device.";
				INFOPLIST_KEY_UIApplicationSceneManifest_Generation = YES;
				INFOPLIST_KEY_UIApplicationSupportsIndirectInputEvents = YES;
				INFOPLIST_KEY_UILaunchScreen_Generation = YES;
				INFOPLIST_KEY_UISupportedInterfaceOrientations_iPhone = UIInterfaceOrientationPortrait;
				LD_RUNPATH_SEARCH_PATHS = (
					"$(inherited)",
					"@executable_path/Frameworks",
				);
				MARKETING_VERSION = 1.2.2;
				PRODUCT_BUNDLE_IDENTIFIER = company.thecool.taby;
				PRODUCT_MODULE_NAME = tabsglass;
				PRODUCT_NAME = Taby;
				STRING_CATALOG_GENERATE_SYMBOLS = YES;
				SWIFT_APPROACHABLE_CONCURRENCY = YES;
				SWIFT_DEFAULT_ACTOR_ISOLATION = MainActor;
				SWIFT_EMIT_LOC_STRINGS = YES;
				SWIFT_UPCOMING_FEATURE_MEMBER_IMPORT_VISIBILITY = YES;
				SWIFT_VERSION = 5.0;
				TARGETED_DEVICE_FAMILY = 1;
			};
			name = Release;
		};
		D63BFE0F2F217BAD00B28B56 /* Debug */ = {
			isa = XCBuildConfiguration;
			buildSettings = {
				BUNDLE_LOADER = "$(TEST_HOST)";
				CODE_SIGN_STYLE = Automatic;
				CURRENT_PROJECT_VERSION = 1;
				DEVELOPMENT_TEAM = Y33Y2LGZBR;
				GENERATE_INFOPLIST_FILE = YES;
				IPHONEOS_DEPLOYMENT_TARGET = 26.0;
				MARKETING_VERSION = 1.0;
				PRODUCT_BUNDLE_IDENTIFIER = company.thecool.tabsglassTests;
				PRODUCT_NAME = Taby;
				STRING_CATALOG_GENERATE_SYMBOLS = NO;
				SWIFT_APPROACHABLE_CONCURRENCY = YES;
				SWIFT_EMIT_LOC_STRINGS = NO;
				SWIFT_UPCOMING_FEATURE_MEMBER_IMPORT_VISIBILITY = YES;
				SWIFT_VERSION = 5.0;
				TARGETED_DEVICE_FAMILY = 1;
				TEST_HOST = "$(BUILT_PRODUCTS_DIR)/tabsglass.app/$(BUNDLE_EXECUTABLE_FOLDER_PATH)/tabsglass";
			};
			name = Debug;
		};
		D63BFE102F217BAD00B28B56 /* Release */ = {
			isa = XCBuildConfiguration;
			buildSettings = {
				BUNDLE_LOADER = "$(TEST_HOST)";
				CODE_SIGN_STYLE = Automatic;
				CURRENT_PROJECT_VERSION = 1;
				DEVELOPMENT_TEAM = Y33Y2LGZBR;
				GENERATE_INFOPLIST_FILE = YES;
				IPHONEOS_DEPLOYMENT_TARGET = 26.0;
				MARKETING_VERSION = 1.0;
				PRODUCT_BUNDLE_IDENTIFIER = company.thecool.tabsglassTests;
				PRODUCT_NAME = Taby;
				STRING_CATALOG_GENERATE_SYMBOLS = NO;
				SWIFT_APPROACHABLE_CONCURRENCY = YES;
				SWIFT_EMIT_LOC_STRINGS = NO;
				SWIFT_UPCOMING_FEATURE_MEMBER_IMPORT_VISIBILITY = YES;
				SWIFT_VERSION = 5.0;
				TARGETED_DEVICE_FAMILY = 1;
				TEST_HOST = "$(BUILT_PRODUCTS_DIR)/tabsglass.app/$(BUNDLE_EXECUTABLE_FOLDER_PATH)/tabsglass";
			};
			name = Release;
		};
		D63BFE122F217BAD00B28B56 /* Debug */ = {
			isa = XCBuildConfiguration;
			buildSettings = {
				CODE_SIGN_STYLE = Automatic;
				CURRENT_PROJECT_VERSION = 1;
				DEVELOPMENT_TEAM = Y33Y2LGZBR;
				GENERATE_INFOPLIST_FILE = YES;
				MARKETING_VERSION = 1.0;
				PRODUCT_BUNDLE_IDENTIFIER = company.thecool.tabsglassUITests;
				PRODUCT_NAME = Taby;
				STRING_CATALOG_GENERATE_SYMBOLS = NO;
				SWIFT_APPROACHABLE_CONCURRENCY = YES;
				SWIFT_EMIT_LOC_STRINGS = NO;
				SWIFT_UPCOMING_FEATURE_MEMBER_IMPORT_VISIBILITY = YES;
				SWIFT_VERSION = 5.0;
				TARGETED_DEVICE_FAMILY = 1;
				TEST_TARGET_NAME = tabsglass;
			};
			name = Debug;
		};
		D63BFE132F217BAD00B28B56 /* Release */ = {
			isa = XCBuildConfiguration;
			buildSettings = {
				CODE_SIGN_STYLE = Automatic;
				CURRENT_PROJECT_VERSION = 1;
				DEVELOPMENT_TEAM = Y33Y2LGZBR;
				GENERATE_INFOPLIST_FILE = YES;
				MARKETING_VERSION = 1.0;
				PRODUCT_BUNDLE_IDENTIFIER = company.thecool.tabsglassUITests;
				PRODUCT_NAME = Taby;
				STRING_CATALOG_GENERATE_SYMBOLS = NO;
				SWIFT_APPROACHABLE_CONCURRENCY = YES;
				SWIFT_EMIT_LOC_STRINGS = NO;
				SWIFT_UPCOMING_FEATURE_MEMBER_IMPORT_VISIBILITY = YES;
				SWIFT_VERSION = 5.0;
				TARGETED_DEVICE_FAMILY = 1;
				TEST_TARGET_NAME = tabsglass;
			};
			name = Release;
		};
		D6AAAA072F40000700000001 /* Debug */ = {
			isa = XCBuildConfiguration;
			buildSettings = {
				CODE_SIGN_ENTITLEMENTS = TabyWidget/TabyWidget.entitlements;
				CODE_SIGN_STYLE = Automatic;
				CURRENT_PROJECT_VERSION = 1;
				DEVELOPMENT_TEAM = Y33Y2LGZBR;
				GENERATE_INFOPLIST_FILE = YES;
				INFOPLIST_FILE = TabyWidget/Info.plist;
				INFOPLIST_KEY_CFBundleDisplayName = TabyWidget;
				INFOPLIST_KEY_NSHumanReadableCopyright = "";
				LD_RUNPATH_SEARCH_PATHS = (
					"$(inherited)",
					"@executable_path/Frameworks",
					"@executable_path/../../Frameworks",
				);
				MARKETING_VERSION = 1.2.2;
				PRODUCT_BUNDLE_IDENTIFIER = company.thecool.taby.widget;
				PRODUCT_NAME = "$(TARGET_NAME)";
				SKIP_INSTALL = YES;
				SWIFT_ACTIVE_COMPILATION_CONDITIONS = "DEBUG WIDGET_EXTENSION $(inherited)";
				SWIFT_APPROACHABLE_CONCURRENCY = YES;
				SWIFT_EMIT_LOC_STRINGS = YES;
				SWIFT_UPCOMING_FEATURE_MEMBER_IMPORT_VISIBILITY = YES;
				SWIFT_VERSION = 5.0;
				TARGETED_DEVICE_FAMILY = "1,2";
			};
			name = Debug;
		};
		D6AAAA082F40000800000001 /* Release */ = {
			isa = XCBuildConfiguration;
			buildSettings = {
				CODE_SIGN_ENTITLEMENTS = TabyWidget/TabyWidget.entitlements;
				CODE_SIGN_STYLE = Automatic;
				CURRENT_PROJECT_VERSION = 1;
				DEVELOPMENT_TEAM = Y33Y2LGZBR;
				GENERATE_INFOPLIST_FILE = YES;
				INFOPLIST_FILE = TabyWidget/Info.plist;
				INFOPLIST_KEY_CFBundleDisplayName = TabyWidget;
				INFOPLIST_KEY_NSHumanReadableCopyright = "";
				LD_RUNPATH_SEARCH_PATHS = (
					"$(inherited)",
					"@executable_path/Frameworks",
					"@executable_path/../../Frameworks",
				);
				MARKETING_VERSION = 1.2.2;
				PRODUCT_BUNDLE_IDENTIFIER = company.thecool.taby.widget;
				PRODUCT_NAME = "$(TARGET_NAME)";
				SKIP_INSTALL = YES;
				SWIFT_ACTIVE_COMPILATION_CONDITIONS = "WIDGET_EXTENSION $(inherited)";
				SWIFT_APPROACHABLE_CONCURRENCY = YES;
				SWIFT_EMIT_LOC_STRINGS = YES;
				SWIFT_UPCOMING_FEATURE_MEMBER_IMPORT_VISIBILITY = YES;
				SWIFT_VERSION = 5.0;
				TARGETED_DEVICE_FAMILY = "1,2";
			};
			name = Release;
		};
		D6C2B1582F2B909B000F3043 /* Debug */ = {
			isa = XCBuildConfiguration;
			buildSettings = {
				CODE_SIGN_ENTITLEMENTS = share/share.entitlements;
				CODE_SIGN_STYLE = Automatic;
				CURRENT_PROJECT_VERSION = 1;
				DEVELOPMENT_TEAM = Y33Y2LGZBR;
				GENERATE_INFOPLIST_FILE = YES;
				INFOPLIST_FILE = share/Info.plist;
				INFOPLIST_KEY_CFBundleDisplayName = share;
				INFOPLIST_KEY_NSHumanReadableCopyright = "";
				LD_RUNPATH_SEARCH_PATHS = (
					"$(inherited)",
					"@executable_path/Frameworks",
					"@executable_path/../../Frameworks",
				);
				MARKETING_VERSION = 1.2.2;
				PRODUCT_BUNDLE_IDENTIFIER = company.thecool.taby.share;
				PRODUCT_NAME = "$(TARGET_NAME)";
				SKIP_INSTALL = YES;
				STRING_CATALOG_GENERATE_SYMBOLS = YES;
				SWIFT_APPROACHABLE_CONCURRENCY = YES;
				SWIFT_EMIT_LOC_STRINGS = YES;
				SWIFT_UPCOMING_FEATURE_MEMBER_IMPORT_VISIBILITY = YES;
				SWIFT_VERSION = 5.0;
				TARGETED_DEVICE_FAMILY = "1,2";
			};
			name = Debug;
		};
		D6C2B1592F2B909B000F3043 /* Release */ = {
			isa = XCBuildConfiguration;
			buildSettings = {
				CODE_SIGN_ENTITLEMENTS = share/share.entitlements;
				CODE_SIGN_STYLE = Automatic;
				CURRENT_PROJECT_VERSION = 1;
				DEVELOPMENT_TEAM = Y33Y2LGZBR;
				GENERATE_INFOPLIST_FILE = YES;
				INFOPLIST_FILE = share/Info.plist;
				INFOPLIST_KEY_CFBundleDisplayName = share;
				INFOPLIST_KEY_NSHumanReadableCopyright = "";
				LD_RUNPATH_SEARCH_PATHS = (
					"$(inherited)",
					"@executable_path/Frameworks",
					"@executable_path/../../Frameworks",
				);
				MARKETING_VERSION = 1.2.2;
				PRODUCT_BUNDLE_IDENTIFIER = company.thecool.taby.share;
				PRODUCT_NAME = "$(TARGET_NAME)";
				SKIP_INSTALL = YES;
				STRING_CATALOG_GENERATE_SYMBOLS = YES;
				SWIFT_APPROACHABLE_CONCURRENCY = YES;
				SWIFT_EMIT_LOC_STRINGS = YES;
				SWIFT_UPCOMING_FEATURE_MEMBER_IMPORT_VISIBILITY = YES;
				SWIFT_VERSION = 5.0;
				TARGETED_DEVICE_FAMILY = "1,2";
			};
			name = Release;
		};
/* End XCBuildConfiguration section */

/* Begin XCConfigurationList section */
		D63BFDE52F217BAC00B28B56 /* Build configuration list for PBXProject "tabsglass" */ = {
			isa = XCConfigurationList;
			buildConfigurations = (
				D63BFE092F217BAD00B28B56 /* Debug */,
				D63BFE0A2F217BAD00B28B56 /* Release */,
			);
			defaultConfigurationIsVisible = 0;
			defaultConfigurationName = Release;
		};
		D63BFE0B2F217BAD00B28B56 /* Build configuration list for PBXNativeTarget "tabsglass" */ = {
			isa = XCConfigurationList;
			buildConfigurations = (
				D63BFE0C2F217BAD00B28B56 /* Debug */,
				D63BFE0D2F217BAD00B28B56 /* Release */,
			);
			defaultConfigurationIsVisible = 0;
			defaultConfigurationName = Release;
		};
		D63BFE0E2F217BAD00B28B56 /* Build configuration list for PBXNativeTarget "tabsglassTests" */ = {
			isa = XCConfigurationList;
			buildConfigurations = (
				D63BFE0F2F217BAD00B28B56 /* Debug */,
				D63BFE102F217BAD00B28B56 /* Release */,
			);
			defaultConfigurationIsVisible = 0;
			defaultConfigurationName = Release;
		};
		D63BFE112F217BAD00B28B56 /* Build configuration list for PBXNativeTarget "tabsglassUITests" */ = {
			isa = XCConfigurationList;
			buildConfigurations = (
				D63BFE122F217BAD00B28B56 /* Debug */,
				D63BFE132F217BAD00B28B56 /* Release */,
			);
			defaultConfigurationIsVisible = 0;
			defaultConfigurationName = Release;
		};
		D6AAAA092F40000900000001 /* Build configuration list for PBXNativeTarget "TabyWidget" */ = {
			isa = XCConfigurationList;
			buildConfigurations = (
				D6AAAA072F40000700000001 /* Debug */,
				D6AAAA082F40000800000001 /* Release */,
			);
			defaultConfigurationIsVisible = 0;
			defaultConfigurationName = Release;
		};
		D6C2B1572F2B909B000F3043 /* Build configuration list for PBXNativeTarget "share" */ = {
			isa = XCConfigurationList;
			buildConfigurations = (
				D6C2B1582F2B909B000F3043 /* Debug */,
				D6C2B1592F2B909B000F3043 /* Release */,
			);
			defaultConfigurationIsVisible = 0;
			defaultConfigurationName = Release;
		};
/* End XCConfigurationList section */

/* Begin XCRemoteSwiftPackageReference section */
		D6EXPORT012F000001000F3043 /* XCRemoteSwiftPackageReference "ZIPFoundation" */ = {
			isa = XCRemoteSwiftPackageReference;
			repositoryURL = "https://github.com/weichsel/ZIPFoundation";
			requirement = {
				kind = upToNextMajorVersion;
				minimumVersion = 0.9.19;
			};
		};
/* End XCRemoteSwiftPackageReference section */

/* Begin XCSwiftPackageProductDependency section */
		D6EXPORT022F000002000F3043 /* ZIPFoundation */ = {
			isa = XCSwiftPackageProductDependency;
			package = D6EXPORT012F000001000F3043 /* XCRemoteSwiftPackageReference "ZIPFoundation" */;
			productName = ZIPFoundation;
		};
/* End XCSwiftPackageProductDependency section */
	};
	rootObject = D63BFDE22F217BAC00B28B56 /* Project object */;
}
